
Microsoft Visual Studio Solution File, Format Version 12.00
# Visual Studio 14
VisualStudioVersion = 14.0.25420.1
MinimumVisualStudioVersion = 10.0.40219.1
Project("{2150E333-8FDC-42A3-9474-1A3956D46DE8}") = "src", "src", "{942D4254-A131-4B5F-8D71-A0CD4B3B03C9}"
EndProject
Project("{2150E333-8FDC-42A3-9474-1A3956D46DE8}") = "Solution Items", "Solution Items", "{DE62995F-2C45-4C69-AAF7-589C2A2F746A}"
	ProjectSection(SolutionItems) = preProject
		global.json = global.json
	EndProjectSection
EndProject
Project("{E24C65DC-7377-472B-9ABA-BC803B73C61A}") = "AA.UI", "..\..\..\..\Users\davet\OneDrive\Documents\Visual Studio 2015\WebSites\AA.UI\", "{83522664-7977-4687-9204-152A891B205F}"
	ProjectSection(WebsiteProperties) = preProject
		TargetFrameworkMoniker = ".NETFramework,Version%3Dv4.5.2"
		Debug.AspNetCompiler.VirtualPath = "/localhost_8340"
		Debug.AspNetCompiler.PhysicalPath = "..\..\..\..\Users\davet\OneDrive\Documents\Visual Studio 2015\WebSites\AA.UI\"
		Debug.AspNetCompiler.TargetPath = "PrecompiledWeb\localhost_8340\"
		Debug.AspNetCompiler.Updateable = "true"
		Debug.AspNetCompiler.ForceOverwrite = "true"
		Debug.AspNetCompiler.FixedNames = "false"
		Debug.AspNetCompiler.Debug = "True"
		Release.AspNetCompiler.VirtualPath = "/localhost_8340"
		Release.AspNetCompiler.PhysicalPath = "..\..\..\..\Users\davet\OneDrive\Documents\Visual Studio 2015\WebSites\AA.UI\"
		Release.AspNetCompiler.TargetPath = "PrecompiledWeb\localhost_8340\"
		Release.AspNetCompiler.Updateable = "true"
		Release.AspNetCompiler.ForceOverwrite = "true"
		Release.AspNetCompiler.FixedNames = "false"
		Release.AspNetCompiler.Debug = "False"
		VWDPort = "8340"
		SlnRelativePath = "..\..\..\..\Users\davet\OneDrive\Documents\Visual Studio 2015\WebSites\AA.UI\"
		DefaultWebSiteLanguage = "Visual C#"
	EndProjectSection
EndProject
Project("{FAE04EC0-301F-11D3-BF4B-00C04F79EFBC}") = "AA.Services", "AA.Services\AA.Services.csproj", "{05A85D6F-BD74-4A38-97CF-0EE0BA552545}"
EndProject
Project("{FAE04EC0-301F-11D3-BF4B-00C04F79EFBC}") = "AA.Common", "AA.Common\AA.Common.csproj", "{3C6AE70B-7E0E-44BF-8711-C69C23C941C4}"
EndProject
Project("{FAE04EC0-301F-11D3-BF4B-00C04F79EFBC}") = "AA.Services.Test", "AA.ServicesTest\AA.Services.Test.csproj", "{A3E97829-015F-411D-A455-80190DEDE394}"
EndProject
Project("{FAE04EC0-301F-11D3-BF4B-00C04F79EFBC}") = "AA.Common.Test", "AA.CommonTest\AA.Common.Test.csproj", "{C187968C-D121-4439-8F04-63D5289D6C10}"
EndProject
Project("{FAE04EC0-301F-11D3-BF4B-00C04F79EFBC}") = "AA.DataAccess", "AA.DataAccess\AA.DataAccess.csproj", "{2BA3D80B-66B2-4E5E-A18E-193426587F6D}"
EndProject
Project("{FAE04EC0-301F-11D3-BF4B-00C04F79EFBC}") = "AA.DataAccess.Test", "AA.DataAccess.Test\AA.DataAccess.Test.csproj", "{22B67654-0063-4DF3-B4E4-F9FCC24F7011}"
EndProject
Project("{FAE04EC0-301F-11D3-BF4B-00C04F79EFBC}") = "UI_WebAPI", "UI_WebAPI\UI_WebAPI.csproj", "{31DD506C-B878-4289-BD67-4F4EA89CEF8F}"
EndProject
Project("{FAE04EC0-301F-11D3-BF4B-00C04F79EFBC}") = "UI_WebAPI.Tests", "UI_WebAPI.Tests\UI_WebAPI.Tests.csproj", "{83EABE64-8E45-4D1C-8928-B12713091138}"
EndProject
Global
	GlobalSection(SolutionConfigurationPlatforms) = preSolution
		Debug|Any CPU = Debug|Any CPU
		Debug|x86 = Debug|x86
		Release|Any CPU = Release|Any CPU
		Release|x86 = Release|x86
	EndGlobalSection
	GlobalSection(ProjectConfigurationPlatforms) = postSolution
		{83522664-7977-4687-9204-152A891B205F}.Debug|Any CPU.ActiveCfg = Debug|Any CPU
		{83522664-7977-4687-9204-152A891B205F}.Debug|Any CPU.Build.0 = Debug|Any CPU
		{83522664-7977-4687-9204-152A891B205F}.Debug|x86.ActiveCfg = Debug|Any CPU
		{83522664-7977-4687-9204-152A891B205F}.Debug|x86.Build.0 = Debug|Any CPU
		{83522664-7977-4687-9204-152A891B205F}.Release|Any CPU.ActiveCfg = Debug|Any CPU
		{83522664-7977-4687-9204-152A891B205F}.Release|Any CPU.Build.0 = Debug|Any CPU
		{83522664-7977-4687-9204-152A891B205F}.Release|x86.ActiveCfg = Debug|Any CPU
		{83522664-7977-4687-9204-152A891B205F}.Release|x86.Build.0 = Debug|Any CPU
		{05A85D6F-BD74-4A38-97CF-0EE0BA552545}.Debug|Any CPU.ActiveCfg = Debug|Any CPU
		{05A85D6F-BD74-4A38-97CF-0EE0BA552545}.Debug|Any CPU.Build.0 = Debug|Any CPU
		{05A85D6F-BD74-4A38-97CF-0EE0BA552545}.Debug|x86.ActiveCfg = Debug|Any CPU
		{05A85D6F-BD74-4A38-97CF-0EE0BA552545}.Debug|x86.Build.0 = Debug|Any CPU
		{05A85D6F-BD74-4A38-97CF-0EE0BA552545}.Release|Any CPU.ActiveCfg = Release|Any CPU
		{05A85D6F-BD74-4A38-97CF-0EE0BA552545}.Release|Any CPU.Build.0 = Release|Any CPU
		{05A85D6F-BD74-4A38-97CF-0EE0BA552545}.Release|x86.ActiveCfg = Release|Any CPU
		{05A85D6F-BD74-4A38-97CF-0EE0BA552545}.Release|x86.Build.0 = Release|Any CPU
		{3C6AE70B-7E0E-44BF-8711-C69C23C941C4}.Debug|Any CPU.ActiveCfg = Debug|Any CPU
		{3C6AE70B-7E0E-44BF-8711-C69C23C941C4}.Debug|Any CPU.Build.0 = Debug|Any CPU
		{3C6AE70B-7E0E-44BF-8711-C69C23C941C4}.Debug|x86.ActiveCfg = Debug|Any CPU
		{3C6AE70B-7E0E-44BF-8711-C69C23C941C4}.Debug|x86.Build.0 = Debug|Any CPU
		{3C6AE70B-7E0E-44BF-8711-C69C23C941C4}.Release|Any CPU.ActiveCfg = Release|Any CPU
		{3C6AE70B-7E0E-44BF-8711-C69C23C941C4}.Release|Any CPU.Build.0 = Release|Any CPU
		{3C6AE70B-7E0E-44BF-8711-C69C23C941C4}.Release|x86.ActiveCfg = Release|Any CPU
		{3C6AE70B-7E0E-44BF-8711-C69C23C941C4}.Release|x86.Build.0 = Release|Any CPU
		{A3E97829-015F-411D-A455-80190DEDE394}.Debug|Any CPU.ActiveCfg = Debug|Any CPU
		{A3E97829-015F-411D-A455-80190DEDE394}.Debug|Any CPU.Build.0 = Debug|Any CPU
		{A3E97829-015F-411D-A455-80190DEDE394}.Debug|x86.ActiveCfg = Debug|Any CPU
		{A3E97829-015F-411D-A455-80190DEDE394}.Debug|x86.Build.0 = Debug|Any CPU
		{A3E97829-015F-411D-A455-80190DEDE394}.Release|Any CPU.ActiveCfg = Release|Any CPU
		{A3E97829-015F-411D-A455-80190DEDE394}.Release|Any CPU.Build.0 = Release|Any CPU
		{A3E97829-015F-411D-A455-80190DEDE394}.Release|x86.ActiveCfg = Release|Any CPU
		{A3E97829-015F-411D-A455-80190DEDE394}.Release|x86.Build.0 = Release|Any CPU
		{C187968C-D121-4439-8F04-63D5289D6C10}.Debug|Any CPU.ActiveCfg = Debug|Any CPU
		{C187968C-D121-4439-8F04-63D5289D6C10}.Debug|Any CPU.Build.0 = Debug|Any CPU
		{C187968C-D121-4439-8F04-63D5289D6C10}.Debug|x86.ActiveCfg = Debug|Any CPU
		{C187968C-D121-4439-8F04-63D5289D6C10}.Debug|x86.Build.0 = Debug|Any CPU
		{C187968C-D121-4439-8F04-63D5289D6C10}.Release|Any CPU.ActiveCfg = Release|Any CPU
		{C187968C-D121-4439-8F04-63D5289D6C10}.Release|Any CPU.Build.0 = Release|Any CPU
		{C187968C-D121-4439-8F04-63D5289D6C10}.Release|x86.ActiveCfg = Release|Any CPU
		{C187968C-D121-4439-8F04-63D5289D6C10}.Release|x86.Build.0 = Release|Any CPU
		{2BA3D80B-66B2-4E5E-A18E-193426587F6D}.Debug|Any CPU.ActiveCfg = Debug|Any CPU
		{2BA3D80B-66B2-4E5E-A18E-193426587F6D}.Debug|Any CPU.Build.0 = Debug|Any CPU
		{2BA3D80B-66B2-4E5E-A18E-193426587F6D}.Debug|x86.ActiveCfg = Debug|Any CPU
		{2BA3D80B-66B2-4E5E-A18E-193426587F6D}.Debug|x86.Build.0 = Debug|Any CPU
		{2BA3D80B-66B2-4E5E-A18E-193426587F6D}.Release|Any CPU.ActiveCfg = Release|Any CPU
		{2BA3D80B-66B2-4E5E-A18E-193426587F6D}.Release|Any CPU.Build.0 = Release|Any CPU
		{2BA3D80B-66B2-4E5E-A18E-193426587F6D}.Release|x86.ActiveCfg = Release|Any CPU
		{2BA3D80B-66B2-4E5E-A18E-193426587F6D}.Release|x86.Build.0 = Release|Any CPU
		{22B67654-0063-4DF3-B4E4-F9FCC24F7011}.Debug|Any CPU.ActiveCfg = Debug|Any CPU
		{22B67654-0063-4DF3-B4E4-F9FCC24F7011}.Debug|Any CPU.Build.0 = Debug|Any CPU
		{22B67654-0063-4DF3-B4E4-F9FCC24F7011}.Debug|x86.ActiveCfg = Debug|Any CPU
		{22B67654-0063-4DF3-B4E4-F9FCC24F7011}.Debug|x86.Build.0 = Debug|Any CPU
		{22B67654-0063-4DF3-B4E4-F9FCC24F7011}.Release|Any CPU.ActiveCfg = Release|Any CPU
		{22B67654-0063-4DF3-B4E4-F9FCC24F7011}.Release|Any CPU.Build.0 = Release|Any CPU
		{22B67654-0063-4DF3-B4E4-F9FCC24F7011}.Release|x86.ActiveCfg = Release|Any CPU
		{22B67654-0063-4DF3-B4E4-F9FCC24F7011}.Release|x86.Build.0 = Release|Any CPU
		{31DD506C-B878-4289-BD67-4F4EA89CEF8F}.Debug|Any CPU.ActiveCfg = Debug|Any CPU
		{31DD506C-B878-4289-BD67-4F4EA89CEF8F}.Debug|Any CPU.Build.0 = Debug|Any CPU
		{31DD506C-B878-4289-BD67-4F4EA89CEF8F}.Debug|x86.ActiveCfg = Debug|Any CPU
		{31DD506C-B878-4289-BD67-4F4EA89CEF8F}.Debug|x86.Build.0 = Debug|Any CPU
		{31DD506C-B878-4289-BD67-4F4EA89CEF8F}.Release|Any CPU.ActiveCfg = Release|Any CPU
		{31DD506C-B878-4289-BD67-4F4EA89CEF8F}.Release|Any CPU.Build.0 = Release|Any CPU
		{31DD506C-B878-4289-BD67-4F4EA89CEF8F}.Release|x86.ActiveCfg = Release|Any CPU
		{31DD506C-B878-4289-BD67-4F4EA89CEF8F}.Release|x86.Build.0 = Release|Any CPU
		{83EABE64-8E45-4D1C-8928-B12713091138}.Debug|Any CPU.ActiveCfg = Debug|Any CPU
		{83EABE64-8E45-4D1C-8928-B12713091138}.Debug|Any CPU.Build.0 = Debug|Any CPU
		{83EABE64-8E45-4D1C-8928-B12713091138}.Debug|x86.ActiveCfg = Debug|Any CPU
		{83EABE64-8E45-4D1C-8928-B12713091138}.Debug|x86.Build.0 = Debug|Any CPU
		{83EABE64-8E45-4D1C-8928-B12713091138}.Release|Any CPU.ActiveCfg = Release|Any CPU
		{83EABE64-8E45-4D1C-8928-B12713091138}.Release|Any CPU.Build.0 = Release|Any CPU
		{83EABE64-8E45-4D1C-8928-B12713091138}.Release|x86.ActiveCfg = Release|Any CPU
		{83EABE64-8E45-4D1C-8928-B12713091138}.Release|x86.Build.0 = Release|Any CPU
	EndGlobalSection
	GlobalSection(SolutionProperties) = preSolution
		HideSolutionNode = FALSE
	EndGlobalSection
	GlobalSection(NestedProjects) = preSolution
		{05A85D6F-BD74-4A38-97CF-0EE0BA552545} = {942D4254-A131-4B5F-8D71-A0CD4B3B03C9}
		{3C6AE70B-7E0E-44BF-8711-C69C23C941C4} = {942D4254-A131-4B5F-8D71-A0CD4B3B03C9}
		{A3E97829-015F-411D-A455-80190DEDE394} = {942D4254-A131-4B5F-8D71-A0CD4B3B03C9}
		{C187968C-D121-4439-8F04-63D5289D6C10} = {942D4254-A131-4B5F-8D71-A0CD4B3B03C9}
		{2BA3D80B-66B2-4E5E-A18E-193426587F6D} = {942D4254-A131-4B5F-8D71-A0CD4B3B03C9}
		{22B67654-0063-4DF3-B4E4-F9FCC24F7011} = {942D4254-A131-4B5F-8D71-A0CD4B3B03C9}
		{31DD506C-B878-4289-BD67-4F4EA89CEF8F} = {942D4254-A131-4B5F-8D71-A0CD4B3B03C9}
		{83EABE64-8E45-4D1C-8928-B12713091138} = {942D4254-A131-4B5F-8D71-A0CD4B3B03C9}
	EndGlobalSection
EndGlobal
